// !$*UTF8*$!
{
	archiveVersion = 1;
	classes = {
	};
	objectVersion = 48;
	objects = {

/* Begin PBXBuildFile section */
		EDB26E7F22022394002B8C4B /* AppDelegate.swift in Sources */ = {isa = PBXBuildFile; fileRef = EDB26E7E22022394002B8C4B /* AppDelegate.swift */; };
		EDB26E8122022394002B8C4B /* ViewController.swift in Sources */ = {isa = PBXBuildFile; fileRef = EDB26E8022022394002B8C4B /* ViewController.swift */; };
		EDB26E8422022394002B8C4B /* Main.storyboard in Resources */ = {isa = PBXBuildFile; fileRef = EDB26E8222022394002B8C4B /* Main.storyboard */; };
		EDB26E8622022394002B8C4B /* Assets.xcassets in Resources */ = {isa = PBXBuildFile; fileRef = EDB26E8522022394002B8C4B /* Assets.xcassets */; };
		EDB26E8922022394002B8C4B /* LaunchScreen.storyboard in Resources */ = {isa = PBXBuildFile; fileRef = EDB26E8722022394002B8C4B /* LaunchScreen.storyboard */; };
		EDB26E9122022426002B8C4B /*  Patient.swift in Sources */ = {isa = PBXBuildFile; fileRef = EDB26E9022022426002B8C4B /*  Patient.swift */; };
/* End PBXBuildFile section */

/* Begin PBXFileReference section */
		EDB26E7B22022394002B8C4B /* HWL6-Hospital.app */ = {isa = PBXFileReference; explicitFileType = wrapper.application; includeInIndex = 0; path = "HWL6-Hospital.app"; sourceTree = BUILT_PRODUCTS_DIR; };
		EDB26E7E22022394002B8C4B /* AppDelegate.swift */ = {isa = PBXFileReference; lastKnownFileType = sourcecode.swift; path = AppDelegate.swift; sourceTree = "<group>"; };
		EDB26E8022022394002B8C4B /* ViewController.swift */ = {isa = PBXFileReference; lastKnownFileType = sourcecode.swift; path = ViewController.swift; sourceTree = "<group>"; };
		EDB26E8322022394002B8C4B /* Base */ = {isa = PBXFileReference; lastKnownFileType = file.storyboard; name = Base; path = Base.lproj/Main.storyboard; sourceTree = "<group>"; };
		EDB26E8522022394002B8C4B /* Assets.xcassets */ = {isa = PBXFileReference; lastKnownFileType = folder.assetcatalog; path = Assets.xcassets; sourceTree = "<group>"; };
		EDB26E8822022394002B8C4B /* Base */ = {isa = PBXFileReference; lastKnownFileType = file.storyboard; name = Base; path = Base.lproj/LaunchScreen.storyboard; sourceTree = "<group>"; };
		EDB26E8A22022394002B8C4B /* Info.plist */ = {isa = PBXFileReference; lastKnownFileType = text.plist.xml; path = Info.plist; sourceTree = "<group>"; };
		EDB26E9022022426002B8C4B /*  Patient.swift */ = {isa = PBXFileReference; lastKnownFileType = sourcecode.swift; path = " Patient.swift"; sourceTree = "<group>"; };
/* End PBXFileReference section */

/* Begin PBXFrameworksBuildPhase section */
		EDB26E7822022394002B8C4B /* Frameworks */ = {
			isa = PBXFrameworksBuildPhase;
			buildActionMask = 2147483647;
			files = (
			);
			runOnlyForDeploymentPostprocessing = 0;
		};
/* End PBXFrameworksBuildPhase section */

/* Begin PBXGroup section */
		EDB26E7222022393002B8C4B = {
			isa = PBXGroup;
			children = (
				EDB26E7D22022394002B8C4B /* HWL6-Hospital */,
				EDB26E7C22022394002B8C4B /* Products */,
			);
			sourceTree = "<group>";
		};
		EDB26E7C22022394002B8C4B /* Products */ = {
			isa = PBXGroup;
			children = (
				EDB26E7B22022394002B8C4B /* HWL6-Hospital.app */,
			);
			name = Products;
			sourceTree = "<group>";
		};
		EDB26E7D22022394002B8C4B /* HWL6-Hospital */ = {
			isa = PBXGroup;
			children = (
				EDB26E7E22022394002B8C4B /* AppDelegate.swift */,
				EDB26E8022022394002B8C4B /* ViewController.swift */,
				EDB26E8222022394002B8C4B /* Main.storyboard */,
				EDB26E8522022394002B8C4B /* Assets.xcassets */,
				EDB26E8722022394002B8C4B /* LaunchScreen.storyboard */,
				EDB26E8A22022394002B8C4B /* Info.plist */,
				EDB26E9022022426002B8C4B /*  Patient.swift */,
			);
			path = "HWL6-Hospital";
			sourceTree = "<group>";
		};
/* End PBXGroup section */

/* Begin PBXNativeTarget section */
		EDB26E7A22022394002B8C4B /* HWL6-Hospital */ = {
			isa = PBXNativeTarget;
			buildConfigurationList = EDB26E8D22022394002B8C4B /* Build configuration list for PBXNativeTarget "HWL6-Hospital" */;
			buildPhases = (
				EDB26E7722022394002B8C4B /* Sources */,
				EDB26E7822022394002B8C4B /* Frameworks */,
				EDB26E7922022394002B8C4B /* Resources */,
			);
			buildRules = (
			);
			dependencies = (
			);
			name = "HWL6-Hospital";
			productName = "HWL6-Hospital";
			productReference = EDB26E7B22022394002B8C4B /* HWL6-Hospital.app */;
			productType = "com.apple.product-type.application";
		};
/* End PBXNativeTarget section */

/* Begin PBXProject section */
		EDB26E7322022394002B8C4B /* Project object */ = {
			isa = PBXProject;
			attributes = {
				LastSwiftUpdateCheck = 0920;
				LastUpgradeCheck = 0920;
				ORGANIZATIONNAME = Kirill;
				TargetAttributes = {
					EDB26E7A22022394002B8C4B = {
						CreatedOnToolsVersion = 9.2;
						ProvisioningStyle = Automatic;
					};
				};
			};
			buildConfigurationList = EDB26E7622022394002B8C4B /* Build configuration list for PBXProject "HWL6-Hospital" */;
			compatibilityVersion = "Xcode 8.0";
			developmentRegion = en;
			hasScannedForEncodings = 0;
			knownRegions = (
				en,
				Base,
			);
			mainGroup = EDB26E7222022393002B8C4B;
			productRefGroup = EDB26E7C22022394002B8C4B /* Products */;
			projectDirPath = "";
			projectRoot = "";
			targets = (
				EDB26E7A22022394002B8C4B /* HWL6-Hospital */,
			);
		};
/* End PBXProject section */

/* Begin PBXResourcesBuildPhase section */
		EDB26E7922022394002B8C4B /* Resources */ = {
			isa = PBXResourcesBuildPhase;
			buildActionMask = 2147483647;
			files = (
				EDB26E8922022394002B8C4B /* LaunchScreen.storyboard in Resources */,
				EDB26E8622022394002B8C4B /* Assets.xcassets in Resources */,
				EDB26E8422022394002B8C4B /* Main.storyboard in Resources */,
			);
			runOnlyForDeploymentPostprocessing = 0;
		};
/* End PBXResourcesBuildPhase section */

/* Begin PBXSourcesBuildPhase section */
		EDB26E7722022394002B8C4B /* Sources */ = {
			isa = PBXSourcesBuildPhase;
			buildActionMask = 2147483647;
			files = (
				EDB26E9122022426002B8C4B /*  Patient.swift in Sources */,
				EDB26E8122022394002B8C4B /* ViewController.swift in Sources */,
				EDB26E7F22022394002B8C4B /* AppDelegate.swift in Sources */,
			);
			runOnlyForDeploymentPostprocessing = 0;
		};
/* End PBXSourcesBuildPhase section */

/* Begin PBXVariantGroup section */
		EDB26E8222022394002B8C4B /* Main.storyboard */ = {
			isa = PBXVariantGroup;
			children = (
				EDB26E8322022394002B8C4B /* Base */,
			);
			name = Main.storyboard;
			sourceTree = "<group>";
		};
		EDB26E8722022394002B8C4B /* LaunchScreen.storyboard */ = {
			isa = PBXVariantGroup;
			children = (
				EDB26E8822022394002B8C4B /* Base */,
			);
			name = LaunchScreen.storyboard;
			sourceTree = "<group>";
		};
/* End PBXVariantGroup section */

/* Begin XCBuildConfiguration section */
		EDB26E8B22022394002B8C4B /* Debug */ = {
			isa = XCBuildConfiguration;
			buildSettings = {
				ALWAYS_SEARCH_USER_PATHS = NO;
				CLANG_ANALYZER_NONNULL = YES;
				CLANG_ANALYZER_NUMBER_OBJECT_CONVERSION = YES_AGGRESSIVE;
				CLANG_CXX_LANGUAGE_STANDARD = "gnu++14";
				CLANG_CXX_LIBRARY = "libc++";
				CLANG_ENABLE_MODULES = YES;
				CLANG_ENABLE_OBJC_ARC = YES;
				CLANG_WARN_BLOCK_CAPTURE_AUTORELEASING = YES;
				CLANG_WARN_BOOL_CONVERSION = YES;
				CLANG_WARN_COMMA = YES;
				CLANG_WARN_CONSTANT_CONVERSION = YES;
				CLANG_WARN_DIRECT_OBJC_ISA_USAGE = YES_ERROR;
				CLANG_WARN_DOCUMENTATION_COMMENTS = YES;
				CLANG_WARN_EMPTY_BODY = YES;
				CLANG_WARN_ENUM_CONVERSION = YES;
				CLANG_WARN_INFINITE_RECURSION = YES;
				CLANG_WARN_INT_CONVERSION = YES;
				CLANG_WARN_NON_LITERAL_NULL_CONVERSION = YES;
				CLANG_WARN_OBJC_LITERAL_CONVERSION = YES;
				CLANG_WARN_OBJC_ROOT_CLASS = YES_ERROR;
				CLANG_WARN_RANGE_LOOP_ANALYSIS = YES;
				CLANG_WARN_STRICT_PROTOTYPES = YES;
				CLANG_WARN_SUSPICIOUS_MOVE = YES;
				CLANG_WARN_UNGUARDED_AVAILABILITY = YES_AGGRESSIVE;
				CLANG_WARN_UNREACHABLE_CODE = YES;
				CLANG_WARN__DUPLICATE_METHOD_MATCH = YES;
				CODE_SIGN_IDENTITY = "iPhone Developer";
				COPY_PHASE_STRIP = NO;
				DEBUG_INFORMATION_FORMAT = dwarf;
				ENABLE_STRICT_OBJC_MSGSEND = YES;
				ENABLE_TESTABILITY = YES;
				GCC_C_LANGUAGE_STANDARD = gnu11;
				GCC_DYNAMIC_NO_PIC = NO;
				GCC_NO_COMMON_BLOCKS = YES;
				GCC_OPTIMIZATION_LEVEL = 0;
				GCC_PREPROCESSOR_DEFINITIONS = (
					"DEBUG=1",
					"$(inherited)",
				);
				GCC_WARN_64_TO_32_BIT_CONVERSION = YES;
				GCC_WARN_ABOUT_RETURN_TYPE = YES_ERROR;
				GCC_WARN_UNDECLARED_SELECTOR = YES;
				GCC_WARN_UNINITIALIZED_AUTOS = YES_AGGRESSIVE;
				GCC_WARN_UNUSED_FUNCTION = YES;
				GCC_WARN_UNUSED_VARIABLE = YES;
				IPHONEOS_DEPLOYMENT_TARGET = 11.2;
				MTL_ENABLE_DEBUG_INFO = YES;
				ONLY_ACTIVE_ARCH = YES;
				SDKROOT = iphoneos;
				SWIFT_ACTIVE_COMPILATION_CONDITIONS = DEBUG;
				SWIFT_OPTIMIZATION_LEVEL = "-Onone";
			};
			name = Debug;
		};
		EDB26E8C22022394002B8C4B /* Release */ = {
			isa = XCBuildConfiguration;
			buildSettings = {
				ALWAYS_SEARCH_USER_PATHS = NO;
				CLANG_ANALYZER_NONNULL = YES;
				CLANG_ANALYZER_NUMBER_OBJECT_CONVERSION = YES_AGGRESSIVE;
				CLANG_CXX_LANGUAGE_STANDARD = "gnu++14";
				CLANG_CXX_LIBRARY = "libc++";
				CLANG_ENABLE_MODULES = YES;
				CLANG_ENABLE_OBJC_ARC = YES;
				CLANG_WARN_BLOCK_CAPTURE_AUTORELEASING = YES;
				CLANG_WARN_BOOL_CONVERSION = YES;
				CLANG_WARN_COMMA = YES;
				CLANG_WARN_CONSTANT_CONVERSION = YES;
				CLANG_WARN_DIRECT_OBJC_ISA_USAGE = YES_ERROR;
				CLANG_WARN_DOCUMENTATION_COMMENTS = YES;
				CLANG_WARN_EMPTY_BODY = YES;
				CLANG_WARN_ENUM_CONVERSION = YES;
				CLANG_WARN_INFINITE_RECURSION = YES;
				CLANG_WARN_INT_CONVERSION = YES;
				CLANG_WARN_NON_LITERAL_NULL_CONVERSION = YES;
				CLANG_WARN_OBJC_LITERAL_CONVERSION = YES;
				CLANG_WARN_OBJC_ROOT_CLASS = YES_ERROR;
				CLANG_WARN_RANGE_LOOP_ANALYSIS = YES;
				CLANG_WARN_STRICT_PROTOTYPES = YES;
				CLANG_WARN_SUSPICIOUS_MOVE = YES;
				CLANG_WARN_UNGUARDED_AVAILABILITY = YES_AGGRESSIVE;
				CLANG_WARN_UNREACHABLE_CODE = YES;
				CLANG_WARN__DUPLICATE_METHOD_MATCH = YES;
				CODE_SIGN_IDENTITY = "iPhone Developer";
				COPY_PHASE_STRIP = NO;
				DEBUG_INFORMATION_FORMAT = "dwarf-with-dsym";
				ENABLE_NS_ASSERTIONS = NO;
				ENABLE_STRICT_OBJC_MSGSEND = YES;
				GCC_C_LANGUAGE_STANDARD = gnu11;
				GCC_NO_COMMON_BLOCKS = YES;
				GCC_WARN_64_TO_32_BIT_CONVERSION = YES;
				GCC_WARN_ABOUT_RETURN_TYPE = YES_ERROR;
				GCC_WARN_UNDECLARED_SELECTOR = YES;
				GCC_WARN_UNINITIALIZED_AUTOS = YES_AGGRESSIVE;
				GCC_WARN_UNUSED_FUNCTION = YES;
				GCC_WARN_UNUSED_VARIABLE = YES;
				IPHONEOS_DEPLOYMENT_TARGET = 11.2;
				MTL_ENABLE_DEBUG_INFO = NO;
				SDKROOT = iphoneos;
				SWIFT_OPTIMIZATION_LEVEL = "-Owholemodule";
				VALIDATE_PRODUCT = YES;
			};
			name = Release;
		};
		EDB26E8E22022394002B8C4B /* Debug */ = {
			isa = XCBuildConfiguration;
			buildSettings = {
				ASSETCATALOG_COMPILER_APPICON_NAME = AppIcon;
				CODE_SIGN_STYLE = Automatic;
				DEVELOPMENT_TEAM = M8SKL9PG52;
				INFOPLIST_FILE = "HWL6-Hospital/Info.plist";
				IPHONEOS_DEPLOYMENT_TARGET = 9.2;
				LD_RUNPATH_SEARCH_PATHS = "$(inherited) @executable_path/Frameworks";
				PRODUCT_BUNDLE_IDENTIFIER = df.Hospital;
				PRODUCT_NAME = "$(TARGET_NAME)";
				SWIFT_VERSION = 4.0;
				TARGETED_DEVICE_FAMILY = "1,2";
			};
			name = Debug;
		};
		EDB26E8F22022394002B8C4B /* Release */ = {
			isa = XCBuildConfiguration;
			buildSettings = {
				ASSETCATALOG_COMPILER_APPICON_NAME = AppIcon;
				CODE_SIGN_STYLE = Automatic;
				DEVELOPMENT_TEAM = M8SKL9PG52;
				INFOPLIST_FILE = "HWL6-Hospital/Info.plist";
				IPHONEOS_DEPLOYMENT_TARGET = 9.2;
				LD_RUNPATH_SEARCH_PATHS = "$(inherited) @executable_path/Frameworks";
				PRODUCT_BUNDLE_IDENTIFIER = df.Hospital;
				PRODUCT_NAME = "$(TARGET_NAME)";
				SWIFT_VERSION = 4.0;
				TARGETED_DEVICE_FAMILY = "1,2";
			};
			name = Release;
		};
/* End XCBuildConfiguration section */

/* Begin XCConfigurationList section */
		EDB26E7622022394002B8C4B /* Build configuration list for PBXProject "HWL6-Hospital" */ = {
			isa = XCConfigurationList;
			buildConfigurations = (
				EDB26E8B22022394002B8C4B /* Debug */,
				EDB26E8C22022394002B8C4B /* Release */,
			);
			defaultConfigurationIsVisible = 0;
			defaultConfigurationName = Release;
		};
		EDB26E8D22022394002B8C4B /* Build configuration list for PBXNativeTarget "HWL6-Hospital" */ = {
			isa = XCConfigurationList;
			buildConfigurations = (
				EDB26E8E22022394002B8C4B /* Debug */,
				EDB26E8F22022394002B8C4B /* Release */,
			);
			defaultConfigurationIsVisible = 0;
			defaultConfigurationName = Release;
		};
/* End XCConfigurationList section */
	};
	rootObject = EDB26E7322022394002B8C4B /* Project object */;
}
